
Microsoft Visual Studio Solution File, Format Version 12.00
# Visual Studio Version 17
VisualStudioVersion = 17.8.34330.188
MinimumVisualStudioVersion = 10.0.40219.1
Project("{9A19103F-16F7-4668-BE54-9A1E7A4F7556}") = "Cribbage.BL", "Cribbage.BL\Cribbage.BL.csproj", "{905C4007-08F5-4B3F-9FB9-2A981F3D8EBB}"
EndProject
Project("{9A19103F-16F7-4668-BE54-9A1E7A4F7556}") = "Cribbage.BL.Models", "Cribbage.BL.Models\Cribbage.BL.Models.csproj", "{6E4C2A1A-4818-4165-9480-915480E3D1EE}"
EndProject
Project("{9A19103F-16F7-4668-BE54-9A1E7A4F7556}") = "Cribbage.PL", "Cribbage.PL\Cribbage.PL.csproj", "{98531B8E-BE62-49AA-B230-925ADE745E57}"
EndProject
Project("{9A19103F-16F7-4668-BE54-9A1E7A4F7556}") = "Cribbage.BL.Test", "Cribbage.BL.Test\Cribbage.BL.Test.csproj", "{E72EC2BE-EFE0-476E-B6E3-BA430AD92A95}"
EndProject
Project("{9A19103F-16F7-4668-BE54-9A1E7A4F7556}") = "Cribbage.PL.Test", "Cribbage.PL.Test\Cribbage.PL.Test.csproj", "{BCF21AF6-B6CE-4916-854B-6763E44E69BC}"
EndProject
Project("{9A19103F-16F7-4668-BE54-9A1E7A4F7556}") = "Cribbage.MigrationHandler", "Cribbage.MigrationHandler\Cribbage.MigrationHandler.csproj", "{A88369F5-D5D2-4A0C-8608-9CABC328BD34}"
EndProject
Project("{2150E333-8FDC-42A3-9474-1A3956D46DE8}") = "Solution Items", "Solution Items", "{C9D3FFE9-B404-49BC-8EAB-7927DD8B21DC}"
	ProjectSection(SolutionItems) = preProject
		TextFile1.txt = TextFile1.txt
	EndProjectSection
EndProject
Project("{9A19103F-16F7-4668-BE54-9A1E7A4F7556}") = "Cribbage.Prototype", "Cribbage.Prototype\Cribbage.Prototype.csproj", "{CE059C91-CDAA-4157-999C-5860DF7FC88D}"
EndProject
Project("{9A19103F-16F7-4668-BE54-9A1E7A4F7556}") = "Cribbage.WPFUI", "Cribbage.WPFUI\Cribbage.WPFUI.csproj", "{4742F238-1872-461F-9D4A-D2860550E4D0}"
EndProject
Project("{9A19103F-16F7-4668-BE54-9A1E7A4F7556}") = "Cribbage.API", "Cribbage.API\Cribbage.API.csproj", "{4D9FD57C-09AB-43E8-9CD7-9FB350DDC057}"
EndProject
Project("{888888A0-9F3D-457C-B088-3A5042F75D52}") = "Cribbage.PythonUI", "Cribbage.PythonUI\Cribbage.PythonUI.pyproj", "{E866FF06-B7D5-4072-80C5-2DBDA3C5D36D}"
EndProject
Project("{888888A0-9F3D-457C-B088-3A5042F75D52}") = "Cribbage.PythonCL", "Cribbage.PythonCL\Cribbage.PythonCL.pyproj", "{AC301D6D-C791-4AFA-BFE3-F08CAA8232C5}"
EndProject
Project("{9A19103F-16F7-4668-BE54-9A1E7A4F7556}") = "Cribbage.ConsoleApp", "Cribbage.ConsoleApp\Cribbage.ConsoleApp.csproj", "{6730C6DB-7618-4A53-8DEE-614FF7A8B279}"
EndProject
Project("{9A19103F-16F7-4668-BE54-9A1E7A4F7556}") = "Cribbage.WebApp.UI", "Cribbage.WebApp.UI\Cribbage.WebApp.UI.csproj", "{E9A86833-D748-4CB0-A44F-787A88A5035E}"
EndProject
Project("{9A19103F-16F7-4668-BE54-9A1E7A4F7556}") = "Reporting", "Reporting\Reporting.csproj", "{A645A9A9-758E-40F4-9038-C7E9F17104F0}"
EndProject
Project("{9A19103F-16F7-4668-BE54-9A1E7A4F7556}") = "Cribbage.API.Test", "Cribbage.API.Test\Cribbage.API.Test.csproj", "{45462F07-36D4-4BAB-82B9-6D950BDE3F2E}"
EndProject
Project("{888888A0-9F3D-457C-B088-3A5042F75D52}") = "Cribbage.PythonUI2", "Cribbage.PythonUI2\Cribbage.PythonUI2.pyproj", "{D7E87019-CB86-437D-92EB-F34DD9A6FA46}"
EndProject
Global
	GlobalSection(SolutionConfigurationPlatforms) = preSolution
		Debug|Any CPU = Debug|Any CPU
		Release|Any CPU = Release|Any CPU
	EndGlobalSection
	GlobalSection(ProjectConfigurationPlatforms) = postSolution
		{905C4007-08F5-4B3F-9FB9-2A981F3D8EBB}.Debug|Any CPU.ActiveCfg = Debug|Any CPU
		{905C4007-08F5-4B3F-9FB9-2A981F3D8EBB}.Debug|Any CPU.Build.0 = Debug|Any CPU
		{905C4007-08F5-4B3F-9FB9-2A981F3D8EBB}.Release|Any CPU.ActiveCfg = Release|Any CPU
		{905C4007-08F5-4B3F-9FB9-2A981F3D8EBB}.Release|Any CPU.Build.0 = Release|Any CPU
		{6E4C2A1A-4818-4165-9480-915480E3D1EE}.Debug|Any CPU.ActiveCfg = Debug|Any CPU
		{6E4C2A1A-4818-4165-9480-915480E3D1EE}.Debug|Any CPU.Build.0 = Debug|Any CPU
		{6E4C2A1A-4818-4165-9480-915480E3D1EE}.Release|Any CPU.ActiveCfg = Release|Any CPU
		{6E4C2A1A-4818-4165-9480-915480E3D1EE}.Release|Any CPU.Build.0 = Release|Any CPU
		{98531B8E-BE62-49AA-B230-925ADE745E57}.Debug|Any CPU.ActiveCfg = Debug|Any CPU
		{98531B8E-BE62-49AA-B230-925ADE745E57}.Debug|Any CPU.Build.0 = Debug|Any CPU
		{98531B8E-BE62-49AA-B230-925ADE745E57}.Release|Any CPU.ActiveCfg = Release|Any CPU
		{98531B8E-BE62-49AA-B230-925ADE745E57}.Release|Any CPU.Build.0 = Release|Any CPU
		{E72EC2BE-EFE0-476E-B6E3-BA430AD92A95}.Debug|Any CPU.ActiveCfg = Debug|Any CPU
		{E72EC2BE-EFE0-476E-B6E3-BA430AD92A95}.Debug|Any CPU.Build.0 = Debug|Any CPU
		{E72EC2BE-EFE0-476E-B6E3-BA430AD92A95}.Release|Any CPU.ActiveCfg = Release|Any CPU
		{E72EC2BE-EFE0-476E-B6E3-BA430AD92A95}.Release|Any CPU.Build.0 = Release|Any CPU
		{BCF21AF6-B6CE-4916-854B-6763E44E69BC}.Debug|Any CPU.ActiveCfg = Debug|Any CPU
		{BCF21AF6-B6CE-4916-854B-6763E44E69BC}.Debug|Any CPU.Build.0 = Debug|Any CPU
		{BCF21AF6-B6CE-4916-854B-6763E44E69BC}.Release|Any CPU.ActiveCfg = Release|Any CPU
		{BCF21AF6-B6CE-4916-854B-6763E44E69BC}.Release|Any CPU.Build.0 = Release|Any CPU
		{A88369F5-D5D2-4A0C-8608-9CABC328BD34}.Debug|Any CPU.ActiveCfg = Debug|Any CPU
		{A88369F5-D5D2-4A0C-8608-9CABC328BD34}.Debug|Any CPU.Build.0 = Debug|Any CPU
		{A88369F5-D5D2-4A0C-8608-9CABC328BD34}.Release|Any CPU.ActiveCfg = Release|Any CPU
		{A88369F5-D5D2-4A0C-8608-9CABC328BD34}.Release|Any CPU.Build.0 = Release|Any CPU
		{CE059C91-CDAA-4157-999C-5860DF7FC88D}.Debug|Any CPU.ActiveCfg = Debug|Any CPU
		{CE059C91-CDAA-4157-999C-5860DF7FC88D}.Debug|Any CPU.Build.0 = Debug|Any CPU
		{CE059C91-CDAA-4157-999C-5860DF7FC88D}.Release|Any CPU.ActiveCfg = Release|Any CPU
		{CE059C91-CDAA-4157-999C-5860DF7FC88D}.Release|Any CPU.Build.0 = Release|Any CPU
		{4742F238-1872-461F-9D4A-D2860550E4D0}.Debug|Any CPU.ActiveCfg = Debug|Any CPU
		{4742F238-1872-461F-9D4A-D2860550E4D0}.Debug|Any CPU.Build.0 = Debug|Any CPU
		{4742F238-1872-461F-9D4A-D2860550E4D0}.Release|Any CPU.ActiveCfg = Release|Any CPU
		{4742F238-1872-461F-9D4A-D2860550E4D0}.Release|Any CPU.Build.0 = Release|Any CPU
		{4D9FD57C-09AB-43E8-9CD7-9FB350DDC057}.Debug|Any CPU.ActiveCfg = Debug|Any CPU
		{4D9FD57C-09AB-43E8-9CD7-9FB350DDC057}.Debug|Any CPU.Build.0 = Debug|Any CPU
		{4D9FD57C-09AB-43E8-9CD7-9FB350DDC057}.Release|Any CPU.ActiveCfg = Release|Any CPU
		{4D9FD57C-09AB-43E8-9CD7-9FB350DDC057}.Release|Any CPU.Build.0 = Release|Any CPU
		{E866FF06-B7D5-4072-80C5-2DBDA3C5D36D}.Debug|Any CPU.ActiveCfg = Debug|Any CPU
		{E866FF06-B7D5-4072-80C5-2DBDA3C5D36D}.Debug|Any CPU.Build.0 = Debug|Any CPU
		{E866FF06-B7D5-4072-80C5-2DBDA3C5D36D}.Release|Any CPU.ActiveCfg = Release|Any CPU
		{E866FF06-B7D5-4072-80C5-2DBDA3C5D36D}.Release|Any CPU.Build.0 = Release|Any CPU
		{AC301D6D-C791-4AFA-BFE3-F08CAA8232C5}.Debug|Any CPU.ActiveCfg = Debug|Any CPU
		{AC301D6D-C791-4AFA-BFE3-F08CAA8232C5}.Release|Any CPU.ActiveCfg = Release|Any CPU
		{6730C6DB-7618-4A53-8DEE-614FF7A8B279}.Debug|Any CPU.ActiveCfg = Debug|Any CPU
		{6730C6DB-7618-4A53-8DEE-614FF7A8B279}.Debug|Any CPU.Build.0 = Debug|Any CPU
		{6730C6DB-7618-4A53-8DEE-614FF7A8B279}.Release|Any CPU.ActiveCfg = Release|Any CPU
		{6730C6DB-7618-4A53-8DEE-614FF7A8B279}.Release|Any CPU.Build.0 = Release|Any CPU
		{E9A86833-D748-4CB0-A44F-787A88A5035E}.Debug|Any CPU.ActiveCfg = Debug|Any CPU
		{E9A86833-D748-4CB0-A44F-787A88A5035E}.Debug|Any CPU.Build.0 = Debug|Any CPU
		{E9A86833-D748-4CB0-A44F-787A88A5035E}.Release|Any CPU.ActiveCfg = Release|Any CPU
		{E9A86833-D748-4CB0-A44F-787A88A5035E}.Release|Any CPU.Build.0 = Release|Any CPU
		{A645A9A9-758E-40F4-9038-C7E9F17104F0}.Debug|Any CPU.ActiveCfg = Debug|Any CPU
		{A645A9A9-758E-40F4-9038-C7E9F17104F0}.Debug|Any CPU.Build.0 = Debug|Any CPU
		{A645A9A9-758E-40F4-9038-C7E9F17104F0}.Release|Any CPU.ActiveCfg = Release|Any CPU
		{A645A9A9-758E-40F4-9038-C7E9F17104F0}.Release|Any CPU.Build.0 = Release|Any CPU
		{45462F07-36D4-4BAB-82B9-6D950BDE3F2E}.Debug|Any CPU.ActiveCfg = Debug|Any CPU
		{45462F07-36D4-4BAB-82B9-6D950BDE3F2E}.Debug|Any CPU.Build.0 = Debug|Any CPU
		{45462F07-36D4-4BAB-82B9-6D950BDE3F2E}.Release|Any CPU.ActiveCfg = Release|Any CPU
		{45462F07-36D4-4BAB-82B9-6D950BDE3F2E}.Release|Any CPU.Build.0 = Release|Any CPU
		{D7E87019-CB86-437D-92EB-F34DD9A6FA46}.Debug|Any CPU.ActiveCfg = Debug|Any CPU
		{D7E87019-CB86-437D-92EB-F34DD9A6FA46}.Debug|Any CPU.Build.0 = Debug|Any CPU
		{D7E87019-CB86-437D-92EB-F34DD9A6FA46}.Release|Any CPU.ActiveCfg = Release|Any CPU
		{D7E87019-CB86-437D-92EB-F34DD9A6FA46}.Release|Any CPU.Build.0 = Release|Any CPU
	EndGlobalSection
	GlobalSection(SolutionProperties) = preSolution
		HideSolutionNode = FALSE
	EndGlobalSection
	GlobalSection(ExtensibilityGlobals) = postSolution
		SolutionGuid = {3F4B2341-D315-439D-AB66-0E016F312C5A}
	EndGlobalSection
EndGlobal
